
Microsoft Visual Studio Solution File, Format Version 12.00
# Visual Studio Version 17
VisualStudioVersion = 17.3.32825.248
MinimumVisualStudioVersion = 10.0.40219.1
Project("{FAE04EC0-301F-11D3-BF4B-00C04F79EFBC}") = "LANServerTest", "LANServerTest\LANServerTest.csproj", "{701BE977-8645-49BB-BCAE-CA1965DC42F1}"
EndProject
Global
	GlobalSection(SolutionConfigurationPlatforms) = preSolution
		Debug|Any CPU = Debug|Any CPU
		Release|Any CPU = Release|Any CPU
	EndGlobalSection
	GlobalSection(ProjectConfigurationPlatforms) = postSolution
		{701BE977-8645-49BB-BCAE-CA1965DC42F1}.Debug|Any CPU.ActiveCfg = Debug|Any CPU
		{701BE977-8645-49BB-BCAE-CA1965DC42F1}.Debug|Any CPU.Build.0 = Debug|Any CPU
		{701BE977-8645-49BB-BCAE-CA1965DC42F1}.Release|Any CPU.ActiveCfg = Release|Any CPU
		{701BE977-8645-49BB-BCAE-CA1965DC42F1}.Release|Any CPU.Build.0 = Release|Any CPU
	EndGlobalSection
	GlobalSection(SolutionProperties) = preSolution
		HideSolutionNode = FALSE
	EndGlobalSection
	GlobalSection(ExtensibilityGlobals) = postSolution
		SolutionGuid = {2FD45995-F8A0-4BD9-99A1-98BEF392EE99}
	EndGlobalSection
EndGlobal
